
Microsoft Visual Studio Solution File, Format Version 12.00
# Visual Studio 15
Project("{FAE04EC0-301F-11D3-BF4B-00C04F79EFBC}") = "Assembly-CSharp-Editor", "Assembly-CSharp-Editor.csproj", "{9304708E-C3D2-7A53-B025-7F6513F7E423}"
EndProject
Project("{FAE04EC0-301F-11D3-BF4B-00C04F79EFBC}") = "Assembly-CSharp", "Assembly-CSharp.csproj", "{B55AD584-34DC-C51B-75AA-39E87AB70C28}"
EndProject
Global
	GlobalSection(SolutionConfigurationPlatforms) = preSolution
		Debug|Any CPU = Debug|Any CPU
		Release|Any CPU = Release|Any CPU
	EndGlobalSection
	GlobalSection(ProjectConfigurationPlatforms) = postSolution
		{9304708E-C3D2-7A53-B025-7F6513F7E423}.Debug|Any CPU.ActiveCfg = Debug|Any CPU
		{9304708E-C3D2-7A53-B025-7F6513F7E423}.Debug|Any CPU.Build.0 = Debug|Any CPU
		{9304708E-C3D2-7A53-B025-7F6513F7E423}.Release|Any CPU.ActiveCfg = Release|Any CPU
		{9304708E-C3D2-7A53-B025-7F6513F7E423}.Release|Any CPU.Build.0 = Release|Any CPU
		{B55AD584-34DC-C51B-75AA-39E87AB70C28}.Debug|Any CPU.ActiveCfg = Debug|Any CPU
		{B55AD584-34DC-C51B-75AA-39E87AB70C28}.Debug|Any CPU.Build.0 = Debug|Any CPU
		{B55AD584-34DC-C51B-75AA-39E87AB70C28}.Release|Any CPU.ActiveCfg = Release|Any CPU
		{B55AD584-34DC-C51B-75AA-39E87AB70C28}.Release|Any CPU.Build.0 = Release|Any CPU
	EndGlobalSection
	GlobalSection(SolutionProperties) = preSolution
		HideSolutionNode = FALSE
	EndGlobalSection
EndGlobal
